
Microsoft Visual Studio Solution File, Format Version 12.00
# Visual Studio Version 17
VisualStudioVersion = 17.3.32922.545
MinimumVisualStudioVersion = 10.0.40219.1
Project("{9A19103F-16F7-4668-BE54-9A1E7A4F7556}") = "BethanysPieShop", "BethanysPieShop\BethanysPieShop.csproj", "{4E8D553C-B0FA-4A8B-BAFE-EB8A30960EBD}"
EndProject
Project("{9A19103F-16F7-4668-BE54-9A1E7A4F7556}") = "BethanysPieShopTests", "BethanysPieShopTests\BethanysPieShopTests.csproj", "{195C594C-2BA9-4E26-AC50-D15B57AFC2E8}"
EndProject
Global
	GlobalSection(SolutionConfigurationPlatforms) = preSolution
		Debug|Any CPU = Debug|Any CPU
		Release|Any CPU = Release|Any CPU
	EndGlobalSection
	GlobalSection(ProjectConfigurationPlatforms) = postSolution
		{4E8D553C-B0FA-4A8B-BAFE-EB8A30960EBD}.Debug|Any CPU.ActiveCfg = Debug|Any CPU
		{4E8D553C-B0FA-4A8B-BAFE-EB8A30960EBD}.Debug|Any CPU.Build.0 = Debug|Any CPU
		{4E8D553C-B0FA-4A8B-BAFE-EB8A30960EBD}.Release|Any CPU.ActiveCfg = Release|Any CPU
		{4E8D553C-B0FA-4A8B-BAFE-EB8A30960EBD}.Release|Any CPU.Build.0 = Release|Any CPU
		{195C594C-2BA9-4E26-AC50-D15B57AFC2E8}.Debug|Any CPU.ActiveCfg = Debug|Any CPU
		{195C594C-2BA9-4E26-AC50-D15B57AFC2E8}.Debug|Any CPU.Build.0 = Debug|Any CPU
		{195C594C-2BA9-4E26-AC50-D15B57AFC2E8}.Release|Any CPU.ActiveCfg = Release|Any CPU
		{195C594C-2BA9-4E26-AC50-D15B57AFC2E8}.Release|Any CPU.Build.0 = Release|Any CPU
	EndGlobalSection
	GlobalSection(SolutionProperties) = preSolution
		HideSolutionNode = FALSE
	EndGlobalSection
	GlobalSection(ExtensibilityGlobals) = postSolution
		SolutionGuid = {B8278660-1A09-4674-AA6E-3BD8F37BBCB4}
	EndGlobalSection
EndGlobal
